
Microsoft Visual Studio Solution File, Format Version 12.00
# Visual Studio Version 17
VisualStudioVersion = 17.13.35617.110 d17.13
MinimumVisualStudioVersion = 10.0.40219.1
Project("{FAE04EC0-301F-11D3-BF4B-00C04F79EFBC}") = "CoreBlog.WebUI", "CoreBlog.WebUI\CoreBlog.WebUI.csproj", "{62364823-5CD9-4792-8994-C72B66AFDFBD}"
EndProject
Project("{FAE04EC0-301F-11D3-BF4B-00C04F79EFBC}") = "CoreBlog.Entities", "CoreBlog.Entities\CoreBlog.Entities.csproj", "{8F221A0F-4AF8-4865-93B6-20AE31E0C355}"
EndProject
Project("{FAE04EC0-301F-11D3-BF4B-00C04F79EFBC}") = "CoreBlog.DataAccess", "CoreBlog.DataAccess\CoreBlog.DataAccess.csproj", "{9902F83B-59E5-46A3-9830-0CF35E6E602F}"
EndProject
Project("{FAE04EC0-301F-11D3-BF4B-00C04F79EFBC}") = "CoreBlog.Business", "CoreBlog.Business\CoreBlog.Business.csproj", "{ABAB9E34-167B-4B7D-8458-472EE7B7900C}"
EndProject
Project("{FAE04EC0-301F-11D3-BF4B-00C04F79EFBC}") = "CoreBlog.Shared", "CoreBlog.Shared\CoreBlog.Shared.csproj", "{171F084E-7EAD-474B-9FD0-2A7855260E19}"
EndProject
Global
	GlobalSection(SolutionConfigurationPlatforms) = preSolution
		Debug|Any CPU = Debug|Any CPU
		Release|Any CPU = Release|Any CPU
	EndGlobalSection
	GlobalSection(ProjectConfigurationPlatforms) = postSolution
		{62364823-5CD9-4792-8994-C72B66AFDFBD}.Debug|Any CPU.ActiveCfg = Debug|Any CPU
		{62364823-5CD9-4792-8994-C72B66AFDFBD}.Debug|Any CPU.Build.0 = Debug|Any CPU
		{62364823-5CD9-4792-8994-C72B66AFDFBD}.Release|Any CPU.ActiveCfg = Release|Any CPU
		{62364823-5CD9-4792-8994-C72B66AFDFBD}.Release|Any CPU.Build.0 = Release|Any CPU
		{8F221A0F-4AF8-4865-93B6-20AE31E0C355}.Debug|Any CPU.ActiveCfg = Debug|Any CPU
		{8F221A0F-4AF8-4865-93B6-20AE31E0C355}.Debug|Any CPU.Build.0 = Debug|Any CPU
		{8F221A0F-4AF8-4865-93B6-20AE31E0C355}.Release|Any CPU.ActiveCfg = Release|Any CPU
		{8F221A0F-4AF8-4865-93B6-20AE31E0C355}.Release|Any CPU.Build.0 = Release|Any CPU
		{9902F83B-59E5-46A3-9830-0CF35E6E602F}.Debug|Any CPU.ActiveCfg = Debug|Any CPU
		{9902F83B-59E5-46A3-9830-0CF35E6E602F}.Debug|Any CPU.Build.0 = Debug|Any CPU
		{9902F83B-59E5-46A3-9830-0CF35E6E602F}.Release|Any CPU.ActiveCfg = Release|Any CPU
		{9902F83B-59E5-46A3-9830-0CF35E6E602F}.Release|Any CPU.Build.0 = Release|Any CPU
		{ABAB9E34-167B-4B7D-8458-472EE7B7900C}.Debug|Any CPU.ActiveCfg = Debug|Any CPU
		{ABAB9E34-167B-4B7D-8458-472EE7B7900C}.Debug|Any CPU.Build.0 = Debug|Any CPU
		{ABAB9E34-167B-4B7D-8458-472EE7B7900C}.Release|Any CPU.ActiveCfg = Release|Any CPU
		{ABAB9E34-167B-4B7D-8458-472EE7B7900C}.Release|Any CPU.Build.0 = Release|Any CPU
		{171F084E-7EAD-474B-9FD0-2A7855260E19}.Debug|Any CPU.ActiveCfg = Debug|Any CPU
		{171F084E-7EAD-474B-9FD0-2A7855260E19}.Debug|Any CPU.Build.0 = Debug|Any CPU
		{171F084E-7EAD-474B-9FD0-2A7855260E19}.Release|Any CPU.ActiveCfg = Release|Any CPU
		{171F084E-7EAD-474B-9FD0-2A7855260E19}.Release|Any CPU.Build.0 = Release|Any CPU
	EndGlobalSection
	GlobalSection(SolutionProperties) = preSolution
		HideSolutionNode = FALSE
	EndGlobalSection
	GlobalSection(ExtensibilityGlobals) = postSolution
		SolutionGuid = {2A8908F3-4236-40B4-BF9F-AD949264F369}
	EndGlobalSection
EndGlobal
